
Microsoft Visual Studio Solution File, Format Version 12.00
# Visual Studio Version 16
VisualStudioVersion = 16.0.31005.135
MinimumVisualStudioVersion = 10.0.40219.1
Project("{FAE04EC0-301F-11D3-BF4B-00C04F79EFBC}") = "ColoringNumbers", "ColoringNumbers\ColoringNumbers.csproj", "{761EE193-B2F9-472E-A7E2-B3511E330490}"
EndProject
Global
	GlobalSection(SolutionConfigurationPlatforms) = preSolution
		Debug|Any CPU = Debug|Any CPU
		Release|Any CPU = Release|Any CPU
	EndGlobalSection
	GlobalSection(ProjectConfigurationPlatforms) = postSolution
		{761EE193-B2F9-472E-A7E2-B3511E330490}.Debug|Any CPU.ActiveCfg = Debug|Any CPU
		{761EE193-B2F9-472E-A7E2-B3511E330490}.Debug|Any CPU.Build.0 = Debug|Any CPU
		{761EE193-B2F9-472E-A7E2-B3511E330490}.Release|Any CPU.ActiveCfg = Release|Any CPU
		{761EE193-B2F9-472E-A7E2-B3511E330490}.Release|Any CPU.Build.0 = Release|Any CPU
	EndGlobalSection
	GlobalSection(SolutionProperties) = preSolution
		HideSolutionNode = FALSE
	EndGlobalSection
	GlobalSection(ExtensibilityGlobals) = postSolution
		SolutionGuid = {3CD4B451-0107-4DB3-B5BD-0108C7F260C2}
	EndGlobalSection
EndGlobal
