
Microsoft Visual Studio Solution File, Format Version 12.00
# Visual Studio Version 17
VisualStudioVersion = 17.0.32112.339
MinimumVisualStudioVersion = 10.0.40219.1
Project("{FAE04EC0-301F-11D3-BF4B-00C04F79EFBC}") = "Module8", "Module8\Module8.csproj", "{FC1CA329-9BD8-49D8-92FB-2AA8E27C9058}"
EndProject
Global
	GlobalSection(SolutionConfigurationPlatforms) = preSolution
		Debug|Any CPU = Debug|Any CPU
		Release|Any CPU = Release|Any CPU
	EndGlobalSection
	GlobalSection(ProjectConfigurationPlatforms) = postSolution
		{FC1CA329-9BD8-49D8-92FB-2AA8E27C9058}.Debug|Any CPU.ActiveCfg = Debug|Any CPU
		{FC1CA329-9BD8-49D8-92FB-2AA8E27C9058}.Debug|Any CPU.Build.0 = Debug|Any CPU
		{FC1CA329-9BD8-49D8-92FB-2AA8E27C9058}.Release|Any CPU.ActiveCfg = Release|Any CPU
		{FC1CA329-9BD8-49D8-92FB-2AA8E27C9058}.Release|Any CPU.Build.0 = Release|Any CPU
	EndGlobalSection
	GlobalSection(SolutionProperties) = preSolution
		HideSolutionNode = FALSE
	EndGlobalSection
	GlobalSection(ExtensibilityGlobals) = postSolution
		SolutionGuid = {3A3B7821-4E34-4848-A7B6-C5F0946FF42E}
	EndGlobalSection
EndGlobal
