
Microsoft Visual Studio Solution File, Format Version 12.00
# Visual Studio Version 17
VisualStudioVersion = 17.1.32319.34
MinimumVisualStudioVersion = 10.0.40219.1
Project("{FAE04EC0-301F-11D3-BF4B-00C04F79EFBC}") = "Profiling", "Profiling\Profiling.csproj", "{247E6D0F-7341-41B2-A96B-CD5CBAA3E78C}"
EndProject
Global
	GlobalSection(SolutionConfigurationPlatforms) = preSolution
		Debug|Any CPU = Debug|Any CPU
		Release|Any CPU = Release|Any CPU
	EndGlobalSection
	GlobalSection(ProjectConfigurationPlatforms) = postSolution
		{247E6D0F-7341-41B2-A96B-CD5CBAA3E78C}.Debug|Any CPU.ActiveCfg = Debug|Any CPU
		{247E6D0F-7341-41B2-A96B-CD5CBAA3E78C}.Debug|Any CPU.Build.0 = Debug|Any CPU
		{247E6D0F-7341-41B2-A96B-CD5CBAA3E78C}.Release|Any CPU.ActiveCfg = Release|Any CPU
		{247E6D0F-7341-41B2-A96B-CD5CBAA3E78C}.Release|Any CPU.Build.0 = Release|Any CPU
	EndGlobalSection
	GlobalSection(SolutionProperties) = preSolution
		HideSolutionNode = FALSE
	EndGlobalSection
	GlobalSection(ExtensibilityGlobals) = postSolution
		SolutionGuid = {2ADECFD7-3ADA-4442-8815-5B602854E219}
	EndGlobalSection
EndGlobal
