
Microsoft Visual Studio Solution File, Format Version 12.00
# Visual Studio Version 17
VisualStudioVersion = 17.0.32112.339
MinimumVisualStudioVersion = 10.0.40219.1
Project("{FAE04EC0-301F-11D3-BF4B-00C04F79EFBC}") = "Module6", "Module6\Module6.csproj", "{36CC4DEA-07D7-444C-BCD3-FA0273286CCA}"
EndProject
Global
	GlobalSection(SolutionConfigurationPlatforms) = preSolution
		Debug|Any CPU = Debug|Any CPU
		Release|Any CPU = Release|Any CPU
	EndGlobalSection
	GlobalSection(ProjectConfigurationPlatforms) = postSolution
		{36CC4DEA-07D7-444C-BCD3-FA0273286CCA}.Debug|Any CPU.ActiveCfg = Debug|Any CPU
		{36CC4DEA-07D7-444C-BCD3-FA0273286CCA}.Debug|Any CPU.Build.0 = Debug|Any CPU
		{36CC4DEA-07D7-444C-BCD3-FA0273286CCA}.Release|Any CPU.ActiveCfg = Release|Any CPU
		{36CC4DEA-07D7-444C-BCD3-FA0273286CCA}.Release|Any CPU.Build.0 = Release|Any CPU
	EndGlobalSection
	GlobalSection(SolutionProperties) = preSolution
		HideSolutionNode = FALSE
	EndGlobalSection
	GlobalSection(ExtensibilityGlobals) = postSolution
		SolutionGuid = {9743095A-9769-4CAF-9800-91385A6AC56C}
	EndGlobalSection
EndGlobal
