
Microsoft Visual Studio Solution File, Format Version 12.00
# Visual Studio Version 16
VisualStudioVersion = 16.0.32428.217
MinimumVisualStudioVersion = 10.0.40219.1
Project("{FAE04EC0-301F-11D3-BF4B-00C04F79EFBC}") = "DataFinder.PLL", "DataFinder.PLL\DataFinder.PLL.csproj", "{8A13FEE1-7EE1-48A5-BE72-46D5A9D6BF03}"
EndProject
Project("{FAE04EC0-301F-11D3-BF4B-00C04F79EFBC}") = "DataFinder.BLL", "DataFinder.BLL\DataFinder.BLL.csproj", "{52D35697-C0E3-4F62-B46A-AF65AFBA4151}"
EndProject
Project("{FAE04EC0-301F-11D3-BF4B-00C04F79EFBC}") = "DataFinder.DAL", "DataFinder.DAL\DataFinder.DAL.csproj", "{264D26D5-4C1F-4FFE-B76C-C6F56196F125}"
EndProject
Global
	GlobalSection(SolutionConfigurationPlatforms) = preSolution
		Debug|Any CPU = Debug|Any CPU
		Release|Any CPU = Release|Any CPU
	EndGlobalSection
	GlobalSection(ProjectConfigurationPlatforms) = postSolution
		{8A13FEE1-7EE1-48A5-BE72-46D5A9D6BF03}.Debug|Any CPU.ActiveCfg = Debug|Any CPU
		{8A13FEE1-7EE1-48A5-BE72-46D5A9D6BF03}.Debug|Any CPU.Build.0 = Debug|Any CPU
		{8A13FEE1-7EE1-48A5-BE72-46D5A9D6BF03}.Release|Any CPU.ActiveCfg = Release|Any CPU
		{8A13FEE1-7EE1-48A5-BE72-46D5A9D6BF03}.Release|Any CPU.Build.0 = Release|Any CPU
		{52D35697-C0E3-4F62-B46A-AF65AFBA4151}.Debug|Any CPU.ActiveCfg = Debug|Any CPU
		{52D35697-C0E3-4F62-B46A-AF65AFBA4151}.Debug|Any CPU.Build.0 = Debug|Any CPU
		{52D35697-C0E3-4F62-B46A-AF65AFBA4151}.Release|Any CPU.ActiveCfg = Release|Any CPU
		{52D35697-C0E3-4F62-B46A-AF65AFBA4151}.Release|Any CPU.Build.0 = Release|Any CPU
		{264D26D5-4C1F-4FFE-B76C-C6F56196F125}.Debug|Any CPU.ActiveCfg = Debug|Any CPU
		{264D26D5-4C1F-4FFE-B76C-C6F56196F125}.Debug|Any CPU.Build.0 = Debug|Any CPU
		{264D26D5-4C1F-4FFE-B76C-C6F56196F125}.Release|Any CPU.ActiveCfg = Release|Any CPU
		{264D26D5-4C1F-4FFE-B76C-C6F56196F125}.Release|Any CPU.Build.0 = Release|Any CPU
	EndGlobalSection
	GlobalSection(SolutionProperties) = preSolution
		HideSolutionNode = FALSE
	EndGlobalSection
	GlobalSection(ExtensibilityGlobals) = postSolution
		SolutionGuid = {CC0AEAA5-4A5F-4039-A75B-F9215763E55B}
	EndGlobalSection
EndGlobal
