
Microsoft Visual Studio Solution File, Format Version 12.00
# Visual Studio Version 16
VisualStudioVersion = 16.0.32428.217
MinimumVisualStudioVersion = 10.0.40219.1
Project("{FAE04EC0-301F-11D3-BF4B-00C04F79EFBC}") = "AdoNetLib", "AdoNetLib\AdoNetLib.csproj", "{4C9EE37F-4D4F-4182-A5DF-C89415EA29E2}"
EndProject
Project("{FAE04EC0-301F-11D3-BF4B-00C04F79EFBC}") = "AdoNetModuleConsole", "AdoNetModuleConsole\AdoNetModuleConsole.csproj", "{CB445312-5266-46EA-8E0D-43CA7DA7635D}"
EndProject
Global
	GlobalSection(SolutionConfigurationPlatforms) = preSolution
		Debug|Any CPU = Debug|Any CPU
		Release|Any CPU = Release|Any CPU
	EndGlobalSection
	GlobalSection(ProjectConfigurationPlatforms) = postSolution
		{4C9EE37F-4D4F-4182-A5DF-C89415EA29E2}.Debug|Any CPU.ActiveCfg = Debug|Any CPU
		{4C9EE37F-4D4F-4182-A5DF-C89415EA29E2}.Debug|Any CPU.Build.0 = Debug|Any CPU
		{4C9EE37F-4D4F-4182-A5DF-C89415EA29E2}.Release|Any CPU.ActiveCfg = Release|Any CPU
		{4C9EE37F-4D4F-4182-A5DF-C89415EA29E2}.Release|Any CPU.Build.0 = Release|Any CPU
		{CB445312-5266-46EA-8E0D-43CA7DA7635D}.Debug|Any CPU.ActiveCfg = Debug|Any CPU
		{CB445312-5266-46EA-8E0D-43CA7DA7635D}.Debug|Any CPU.Build.0 = Debug|Any CPU
		{CB445312-5266-46EA-8E0D-43CA7DA7635D}.Release|Any CPU.ActiveCfg = Release|Any CPU
		{CB445312-5266-46EA-8E0D-43CA7DA7635D}.Release|Any CPU.Build.0 = Release|Any CPU
	EndGlobalSection
	GlobalSection(SolutionProperties) = preSolution
		HideSolutionNode = FALSE
	EndGlobalSection
	GlobalSection(ExtensibilityGlobals) = postSolution
		SolutionGuid = {FE8DDF53-67DA-488C-B922-709DBE600CC5}
	EndGlobalSection
EndGlobal
