
Microsoft Visual Studio Solution File, Format Version 12.00
# Visual Studio Version 17
VisualStudioVersion = 17.0.32112.339
MinimumVisualStudioVersion = 10.0.40219.1
Project("{9A19103F-16F7-4668-BE54-9A1E7A4F7556}") = "Task1", "Task1\Task1.csproj", "{1B51CA88-C8D1-4979-98F1-3C33F5D0F931}"
EndProject
Project("{9A19103F-16F7-4668-BE54-9A1E7A4F7556}") = "Task3", "Task3\Task3.csproj", "{C1CF826C-4B58-4F26-9DA9-BDC8AC383905}"
EndProject
Project("{9A19103F-16F7-4668-BE54-9A1E7A4F7556}") = "Task4", "Task4\Task4.csproj", "{5F6DF23A-5B09-4F1C-89B6-8ACDB5D25350}"
EndProject
Project("{FAE04EC0-301F-11D3-BF4B-00C04F79EFBC}") = "Task2", "Task2\Task2.csproj", "{38874564-1824-44A2-A28B-BCE06C6A484D}"
EndProject
Global
	GlobalSection(SolutionConfigurationPlatforms) = preSolution
		Debug|Any CPU = Debug|Any CPU
		Release|Any CPU = Release|Any CPU
	EndGlobalSection
	GlobalSection(ProjectConfigurationPlatforms) = postSolution
		{1B51CA88-C8D1-4979-98F1-3C33F5D0F931}.Debug|Any CPU.ActiveCfg = Debug|Any CPU
		{1B51CA88-C8D1-4979-98F1-3C33F5D0F931}.Debug|Any CPU.Build.0 = Debug|Any CPU
		{1B51CA88-C8D1-4979-98F1-3C33F5D0F931}.Release|Any CPU.ActiveCfg = Release|Any CPU
		{1B51CA88-C8D1-4979-98F1-3C33F5D0F931}.Release|Any CPU.Build.0 = Release|Any CPU
		{C1CF826C-4B58-4F26-9DA9-BDC8AC383905}.Debug|Any CPU.ActiveCfg = Debug|Any CPU
		{C1CF826C-4B58-4F26-9DA9-BDC8AC383905}.Debug|Any CPU.Build.0 = Debug|Any CPU
		{C1CF826C-4B58-4F26-9DA9-BDC8AC383905}.Release|Any CPU.ActiveCfg = Release|Any CPU
		{C1CF826C-4B58-4F26-9DA9-BDC8AC383905}.Release|Any CPU.Build.0 = Release|Any CPU
		{5F6DF23A-5B09-4F1C-89B6-8ACDB5D25350}.Debug|Any CPU.ActiveCfg = Debug|Any CPU
		{5F6DF23A-5B09-4F1C-89B6-8ACDB5D25350}.Debug|Any CPU.Build.0 = Debug|Any CPU
		{5F6DF23A-5B09-4F1C-89B6-8ACDB5D25350}.Release|Any CPU.ActiveCfg = Release|Any CPU
		{5F6DF23A-5B09-4F1C-89B6-8ACDB5D25350}.Release|Any CPU.Build.0 = Release|Any CPU
		{38874564-1824-44A2-A28B-BCE06C6A484D}.Debug|Any CPU.ActiveCfg = Debug|Any CPU
		{38874564-1824-44A2-A28B-BCE06C6A484D}.Debug|Any CPU.Build.0 = Debug|Any CPU
		{38874564-1824-44A2-A28B-BCE06C6A484D}.Release|Any CPU.ActiveCfg = Release|Any CPU
		{38874564-1824-44A2-A28B-BCE06C6A484D}.Release|Any CPU.Build.0 = Release|Any CPU
	EndGlobalSection
	GlobalSection(SolutionProperties) = preSolution
		HideSolutionNode = FALSE
	EndGlobalSection
	GlobalSection(ExtensibilityGlobals) = postSolution
		SolutionGuid = {BA1988E8-37DF-4596-B1B7-B7657A33312E}
	EndGlobalSection
EndGlobal
